// !$*UTF8*$!
{
	archiveVersion = 1;
	classes = {
	};
	objectVersion = 56;
	objects = {

/* Begin PBXBuildFile section */
		488924678528E54E8D8F88C4 /* Pods_PetMatch.framework in Frameworks */ = {isa = PBXBuildFile; fileRef = DDB6F14417789E1FEC2842AE /* Pods_PetMatch.framework */; };
		CE0CF6F9291431B3007097D8 /* AppDelegate.swift in Sources */ = {isa = PBXBuildFile; fileRef = CE0CF6F8291431B3007097D8 /* AppDelegate.swift */; };
		CE0CF6FB291431B3007097D8 /* SceneDelegate.swift in Sources */ = {isa = PBXBuildFile; fileRef = CE0CF6FA291431B3007097D8 /* SceneDelegate.swift */; };
		CE0CF6FD291431B3007097D8 /* HomeViewController.swift in Sources */ = {isa = PBXBuildFile; fileRef = CE0CF6FC291431B3007097D8 /* HomeViewController.swift */; };
		CE0CF702291431B3007097D8 /* Assets.xcassets in Resources */ = {isa = PBXBuildFile; fileRef = CE0CF701291431B3007097D8 /* Assets.xcassets */; };
		CE0CF705291431B3007097D8 /* LaunchScreen.storyboard in Resources */ = {isa = PBXBuildFile; fileRef = CE0CF703291431B3007097D8 /* LaunchScreen.storyboard */; };
		CE0CF70D291431F6007097D8 /* TabBarViewController.swift in Sources */ = {isa = PBXBuildFile; fileRef = CE0CF70C291431F6007097D8 /* TabBarViewController.swift */; };
		CE0CF70F291432A6007097D8 /* NotificationsViewController.swift in Sources */ = {isa = PBXBuildFile; fileRef = CE0CF70E291432A6007097D8 /* NotificationsViewController.swift */; };
		CE0CF71329143337007097D8 /* MessagesViewController.swift in Sources */ = {isa = PBXBuildFile; fileRef = CE0CF71229143337007097D8 /* MessagesViewController.swift */; };
		CE0FD2662917BC42003C1CA2 /* NotificationModel.swift in Sources */ = {isa = PBXBuildFile; fileRef = CE0FD2652917BC42003C1CA2 /* NotificationModel.swift */; };
		CE0FD2682917C9E9003C1CA2 /* NotificationsUserTableViewCell.swift in Sources */ = {isa = PBXBuildFile; fileRef = CE0FD2672917C9E9003C1CA2 /* NotificationsUserTableViewCell.swift */; };
		CE0FD26A2917D013003C1CA2 /* Extension.swift in Sources */ = {isa = PBXBuildFile; fileRef = CE0FD2692917D013003C1CA2 /* Extension.swift */; };
		CE0FD26D29181C3C003C1CA2 /* DatabaseManager.swift in Sources */ = {isa = PBXBuildFile; fileRef = CE0FD26C29181C3C003C1CA2 /* DatabaseManager.swift */; };
		CE2808F1291FA52D000BD3DF /* NotificationsViewModel.swift in Sources */ = {isa = PBXBuildFile; fileRef = CE2808F0291FA52D000BD3DF /* NotificationsViewModel.swift */; };
		CE59127F291505FE004BE613 /* CardItem.swift in Sources */ = {isa = PBXBuildFile; fileRef = CE59127E291505FE004BE613 /* CardItem.swift */; };
		CE6D5137291A794300FD27F8 /* PostModel.swift in Sources */ = {isa = PBXBuildFile; fileRef = CE6D5136291A794300FD27F8 /* PostModel.swift */; };
		CE6D5139291A815B00FD27F8 /* UserModel.swift in Sources */ = {isa = PBXBuildFile; fileRef = CE6D5138291A815B00FD27F8 /* UserModel.swift */; };
		CE7171E42919775F00E22326 /* NotificationsCommentTableViewCell.swift in Sources */ = {isa = PBXBuildFile; fileRef = CE7171E32919775F00E22326 /* NotificationsCommentTableViewCell.swift */; };
		CE7CDBF42916809500D85435 /* CustomButton.swift in Sources */ = {isa = PBXBuildFile; fileRef = CE7CDBF32916809500D85435 /* CustomButton.swift */; };
		CEA4DF2F291BC950002759F6 /* ProfileViewController.swift in Sources */ = {isa = PBXBuildFile; fileRef = CEA4DF2E291BC950002759F6 /* ProfileViewController.swift */; };
		CEDDD06C291AA92300724275 /* ProfileHeaderCollectionReusableView.swift in Sources */ = {isa = PBXBuildFile; fileRef = CEDDD06B291AA92300724275 /* ProfileHeaderCollectionReusableView.swift */; };
		CEDDD06F291AB8E100724275 /* SettingsViewController.swift in Sources */ = {isa = PBXBuildFile; fileRef = CEDDD06E291AB8E100724275 /* SettingsViewController.swift */; };
		CEDDD075291AD6FD00724275 /* PostCollectionViewCell.swift in Sources */ = {isa = PBXBuildFile; fileRef = CEDDD074291AD6FD00724275 /* PostCollectionViewCell.swift */; };
		CEF8CFD629190E310023D61C /* NotificationsPostLikeTableViewCell.swift in Sources */ = {isa = PBXBuildFile; fileRef = CEF8CFD529190E310023D61C /* NotificationsPostLikeTableViewCell.swift */; };
/* End PBXBuildFile section */

/* Begin PBXFileReference section */
		31095CB641780CA6D13BE57D /* Pods-PetMatch.release.xcconfig */ = {isa = PBXFileReference; includeInIndex = 1; lastKnownFileType = text.xcconfig; name = "Pods-PetMatch.release.xcconfig"; path = "Target Support Files/Pods-PetMatch/Pods-PetMatch.release.xcconfig"; sourceTree = "<group>"; };
		3B276DC7E34539B7859EF9D3 /* Pods-PetMatch.debug.xcconfig */ = {isa = PBXFileReference; includeInIndex = 1; lastKnownFileType = text.xcconfig; name = "Pods-PetMatch.debug.xcconfig"; path = "Target Support Files/Pods-PetMatch/Pods-PetMatch.debug.xcconfig"; sourceTree = "<group>"; };
		CE0CF6F5291431B3007097D8 /* PetMatch.app */ = {isa = PBXFileReference; explicitFileType = wrapper.application; includeInIndex = 0; path = PetMatch.app; sourceTree = BUILT_PRODUCTS_DIR; };
		CE0CF6F8291431B3007097D8 /* AppDelegate.swift */ = {isa = PBXFileReference; lastKnownFileType = sourcecode.swift; path = AppDelegate.swift; sourceTree = "<group>"; };
		CE0CF6FA291431B3007097D8 /* SceneDelegate.swift */ = {isa = PBXFileReference; lastKnownFileType = sourcecode.swift; path = SceneDelegate.swift; sourceTree = "<group>"; };
		CE0CF6FC291431B3007097D8 /* HomeViewController.swift */ = {isa = PBXFileReference; lastKnownFileType = sourcecode.swift; path = HomeViewController.swift; sourceTree = "<group>"; };
		CE0CF701291431B3007097D8 /* Assets.xcassets */ = {isa = PBXFileReference; lastKnownFileType = folder.assetcatalog; path = Assets.xcassets; sourceTree = "<group>"; };
		CE0CF704291431B3007097D8 /* Base */ = {isa = PBXFileReference; lastKnownFileType = file.storyboard; name = Base; path = Base.lproj/LaunchScreen.storyboard; sourceTree = "<group>"; };
		CE0CF706291431B3007097D8 /* Info.plist */ = {isa = PBXFileReference; lastKnownFileType = text.plist.xml; path = Info.plist; sourceTree = "<group>"; };
		CE0CF70C291431F6007097D8 /* TabBarViewController.swift */ = {isa = PBXFileReference; lastKnownFileType = sourcecode.swift; path = TabBarViewController.swift; sourceTree = "<group>"; };
		CE0CF70E291432A6007097D8 /* NotificationsViewController.swift */ = {isa = PBXFileReference; lastKnownFileType = sourcecode.swift; path = NotificationsViewController.swift; sourceTree = "<group>"; };
		CE0CF71229143337007097D8 /* MessagesViewController.swift */ = {isa = PBXFileReference; lastKnownFileType = sourcecode.swift; path = MessagesViewController.swift; sourceTree = "<group>"; };
		CE0FD2652917BC42003C1CA2 /* NotificationModel.swift */ = {isa = PBXFileReference; lastKnownFileType = sourcecode.swift; path = NotificationModel.swift; sourceTree = "<group>"; };
		CE0FD2672917C9E9003C1CA2 /* NotificationsUserTableViewCell.swift */ = {isa = PBXFileReference; lastKnownFileType = sourcecode.swift; path = NotificationsUserTableViewCell.swift; sourceTree = "<group>"; };
		CE0FD2692917D013003C1CA2 /* Extension.swift */ = {isa = PBXFileReference; lastKnownFileType = sourcecode.swift; path = Extension.swift; sourceTree = "<group>"; };
		CE0FD26C29181C3C003C1CA2 /* DatabaseManager.swift */ = {isa = PBXFileReference; lastKnownFileType = sourcecode.swift; path = DatabaseManager.swift; sourceTree = "<group>"; };
		CE2808F0291FA52D000BD3DF /* NotificationsViewModel.swift */ = {isa = PBXFileReference; lastKnownFileType = sourcecode.swift; path = NotificationsViewModel.swift; sourceTree = "<group>"; };
		CE59127E291505FE004BE613 /* CardItem.swift */ = {isa = PBXFileReference; lastKnownFileType = sourcecode.swift; path = CardItem.swift; sourceTree = "<group>"; };
		CE6D5136291A794300FD27F8 /* PostModel.swift */ = {isa = PBXFileReference; lastKnownFileType = sourcecode.swift; path = PostModel.swift; sourceTree = "<group>"; };
		CE6D5138291A815B00FD27F8 /* UserModel.swift */ = {isa = PBXFileReference; lastKnownFileType = sourcecode.swift; path = UserModel.swift; sourceTree = "<group>"; };
		CE7171E32919775F00E22326 /* NotificationsCommentTableViewCell.swift */ = {isa = PBXFileReference; lastKnownFileType = sourcecode.swift; path = NotificationsCommentTableViewCell.swift; sourceTree = "<group>"; };
		CE7CDBF32916809500D85435 /* CustomButton.swift */ = {isa = PBXFileReference; lastKnownFileType = sourcecode.swift; path = CustomButton.swift; sourceTree = "<group>"; };
		CEA4DF2E291BC950002759F6 /* ProfileViewController.swift */ = {isa = PBXFileReference; lastKnownFileType = sourcecode.swift; path = ProfileViewController.swift; sourceTree = "<group>"; };
		CEDDD06B291AA92300724275 /* ProfileHeaderCollectionReusableView.swift */ = {isa = PBXFileReference; lastKnownFileType = sourcecode.swift; path = ProfileHeaderCollectionReusableView.swift; sourceTree = "<group>"; };
		CEDDD06E291AB8E100724275 /* SettingsViewController.swift */ = {isa = PBXFileReference; lastKnownFileType = sourcecode.swift; path = SettingsViewController.swift; sourceTree = "<group>"; };
		CEDDD074291AD6FD00724275 /* PostCollectionViewCell.swift */ = {isa = PBXFileReference; lastKnownFileType = sourcecode.swift; path = PostCollectionViewCell.swift; sourceTree = "<group>"; };
		CEF8CFD529190E310023D61C /* NotificationsPostLikeTableViewCell.swift */ = {isa = PBXFileReference; lastKnownFileType = sourcecode.swift; path = NotificationsPostLikeTableViewCell.swift; sourceTree = "<group>"; };
		DDB6F14417789E1FEC2842AE /* Pods_PetMatch.framework */ = {isa = PBXFileReference; explicitFileType = wrapper.framework; includeInIndex = 0; path = Pods_PetMatch.framework; sourceTree = BUILT_PRODUCTS_DIR; };
/* End PBXFileReference section */

/* Begin PBXFrameworksBuildPhase section */
		CE0CF6F2291431B3007097D8 /* Frameworks */ = {
			isa = PBXFrameworksBuildPhase;
			buildActionMask = 2147483647;
			files = (
				488924678528E54E8D8F88C4 /* Pods_PetMatch.framework in Frameworks */,
			);
			runOnlyForDeploymentPostprocessing = 0;
		};
/* End PBXFrameworksBuildPhase section */

/* Begin PBXGroup section */
		213B628FB3E6C24C683576AF /* Frameworks */ = {
			isa = PBXGroup;
			children = (
				DDB6F14417789E1FEC2842AE /* Pods_PetMatch.framework */,
			);
			name = Frameworks;
			sourceTree = "<group>";
		};
		C79486165864E370F90553FD /* Pods */ = {
			isa = PBXGroup;
			children = (
				3B276DC7E34539B7859EF9D3 /* Pods-PetMatch.debug.xcconfig */,
				31095CB641780CA6D13BE57D /* Pods-PetMatch.release.xcconfig */,
			);
			path = Pods;
			sourceTree = "<group>";
		};
		CE0CF6EC291431B3007097D8 = {
			isa = PBXGroup;
			children = (
				CE0CF6F7291431B3007097D8 /* PetMatch */,
				CE0CF6F6291431B3007097D8 /* Products */,
				C79486165864E370F90553FD /* Pods */,
				213B628FB3E6C24C683576AF /* Frameworks */,
			);
			sourceTree = "<group>";
		};
		CE0CF6F6291431B3007097D8 /* Products */ = {
			isa = PBXGroup;
			children = (
				CE0CF6F5291431B3007097D8 /* PetMatch.app */,
			);
			name = Products;
			sourceTree = "<group>";
		};
		CE0CF6F7291431B3007097D8 /* PetMatch */ = {
			isa = PBXGroup;
			children = (
				CE0FD26B29181C2B003C1CA2 /* Manager */,
				CE0CF71729143AD8007097D8 /* Models */,
				CE0CF71829143AE3007097D8 /* Views */,
				CE0CF71629143AB6007097D8 /* Controllers */,
				CE0CF71529143A8D007097D8 /* Resources */,
				CE0CF706291431B3007097D8 /* Info.plist */,
			);
			path = PetMatch;
			sourceTree = "<group>";
		};
		CE0CF7142914333E007097D8 /* Core */ = {
			isa = PBXGroup;
			children = (
				CE0CF6FC291431B3007097D8 /* HomeViewController.swift */,
				CE0CF70E291432A6007097D8 /* NotificationsViewController.swift */,
				CE2808F0291FA52D000BD3DF /* NotificationsViewModel.swift */,
				CEA4DF2E291BC950002759F6 /* ProfileViewController.swift */,
				CE0CF71229143337007097D8 /* MessagesViewController.swift */,
				CE0CF70C291431F6007097D8 /* TabBarViewController.swift */,
			);
			path = Core;
			sourceTree = "<group>";
		};
		CE0CF71529143A8D007097D8 /* Resources */ = {
			isa = PBXGroup;
			children = (
				CE0CF701291431B3007097D8 /* Assets.xcassets */,
				CE0CF6F8291431B3007097D8 /* AppDelegate.swift */,
				CE0CF6FA291431B3007097D8 /* SceneDelegate.swift */,
				CE0FD2692917D013003C1CA2 /* Extension.swift */,
			);
			path = Resources;
			sourceTree = "<group>";
		};
		CE0CF71629143AB6007097D8 /* Controllers */ = {
			isa = PBXGroup;
			children = (
				CEDDD06D291AB8BF00724275 /* Other */,
				CE0CF7142914333E007097D8 /* Core */,
			);
			path = Controllers;
			sourceTree = "<group>";
		};
		CE0CF71729143AD8007097D8 /* Models */ = {
			isa = PBXGroup;
			children = (
				CE59127E291505FE004BE613 /* CardItem.swift */,
				CE0FD2652917BC42003C1CA2 /* NotificationModel.swift */,
				CE6D5136291A794300FD27F8 /* PostModel.swift */,
				CE6D5138291A815B00FD27F8 /* UserModel.swift */,
			);
			path = Models;
			sourceTree = "<group>";
		};
		CE0CF71829143AE3007097D8 /* Views */ = {
			isa = PBXGroup;
			children = (
				CE7171E5291982F600E22326 /* Notifications */,
				CEDDD06A291AA8CF00724275 /* Profile */,
				CE7CDBF32916809500D85435 /* CustomButton.swift */,
				CE0CF703291431B3007097D8 /* LaunchScreen.storyboard */,
			);
			path = Views;
			sourceTree = "<group>";
		};
		CE0FD26B29181C2B003C1CA2 /* Manager */ = {
			isa = PBXGroup;
			children = (
				CE0FD26C29181C3C003C1CA2 /* DatabaseManager.swift */,
			);
			path = Manager;
			sourceTree = "<group>";
		};
		CE7171E5291982F600E22326 /* Notifications */ = {
			isa = PBXGroup;
			children = (
				CE0FD2672917C9E9003C1CA2 /* NotificationsUserTableViewCell.swift */,
				CEF8CFD529190E310023D61C /* NotificationsPostLikeTableViewCell.swift */,
				CE7171E32919775F00E22326 /* NotificationsCommentTableViewCell.swift */,
			);
			path = Notifications;
			sourceTree = "<group>";
		};
		CEDDD06A291AA8CF00724275 /* Profile */ = {
			isa = PBXGroup;
			children = (
				CEDDD074291AD6FD00724275 /* PostCollectionViewCell.swift */,
				CEDDD06B291AA92300724275 /* ProfileHeaderCollectionReusableView.swift */,
			);
			path = Profile;
			sourceTree = "<group>";
		};
		CEDDD06D291AB8BF00724275 /* Other */ = {
			isa = PBXGroup;
			children = (
				CEDDD06E291AB8E100724275 /* SettingsViewController.swift */,
			);
			path = Other;
			sourceTree = "<group>";
		};
/* End PBXGroup section */

/* Begin PBXNativeTarget section */
		CE0CF6F4291431B3007097D8 /* PetMatch */ = {
			isa = PBXNativeTarget;
			buildConfigurationList = CE0CF709291431B3007097D8 /* Build configuration list for PBXNativeTarget "PetMatch" */;
			buildPhases = (
				B85FDA4D7FD8D23B9A9C7428 /* [CP] Check Pods Manifest.lock */,
				CE0CF6F1291431B3007097D8 /* Sources */,
				CE0CF6F2291431B3007097D8 /* Frameworks */,
				CE0CF6F3291431B3007097D8 /* Resources */,
				F6C757B05A7E5C257338E2EF /* [CP] Embed Pods Frameworks */,
			);
			buildRules = (
			);
			dependencies = (
			);
			name = PetMatch;
			productName = PetMatch;
			productReference = CE0CF6F5291431B3007097D8 /* PetMatch.app */;
			productType = "com.apple.product-type.application";
		};
/* End PBXNativeTarget section */

/* Begin PBXProject section */
		CE0CF6ED291431B3007097D8 /* Project object */ = {
			isa = PBXProject;
			attributes = {
				BuildIndependentTargetsInParallel = 1;
				LastSwiftUpdateCheck = 1410;
				LastUpgradeCheck = 1410;
				TargetAttributes = {
					CE0CF6F4291431B3007097D8 = {
						CreatedOnToolsVersion = 14.1;
					};
				};
			};
			buildConfigurationList = CE0CF6F0291431B3007097D8 /* Build configuration list for PBXProject "PetMatch" */;
			compatibilityVersion = "Xcode 14.0";
			developmentRegion = en;
			hasScannedForEncodings = 0;
			knownRegions = (
				en,
				Base,
			);
			mainGroup = CE0CF6EC291431B3007097D8;
			productRefGroup = CE0CF6F6291431B3007097D8 /* Products */;
			projectDirPath = "";
			projectRoot = "";
			targets = (
				CE0CF6F4291431B3007097D8 /* PetMatch */,
			);
		};
/* End PBXProject section */

/* Begin PBXResourcesBuildPhase section */
		CE0CF6F3291431B3007097D8 /* Resources */ = {
			isa = PBXResourcesBuildPhase;
			buildActionMask = 2147483647;
			files = (
				CE0CF705291431B3007097D8 /* LaunchScreen.storyboard in Resources */,
				CE0CF702291431B3007097D8 /* Assets.xcassets in Resources */,
			);
			runOnlyForDeploymentPostprocessing = 0;
		};
/* End PBXResourcesBuildPhase section */

/* Begin PBXShellScriptBuildPhase section */
		B85FDA4D7FD8D23B9A9C7428 /* [CP] Check Pods Manifest.lock */ = {
			isa = PBXShellScriptBuildPhase;
			buildActionMask = 2147483647;
			files = (
			);
			inputFileListPaths = (
			);
			inputPaths = (
				"${PODS_PODFILE_DIR_PATH}/Podfile.lock",
				"${PODS_ROOT}/Manifest.lock",
			);
			name = "[CP] Check Pods Manifest.lock";
			outputFileListPaths = (
			);
			outputPaths = (
				"$(DERIVED_FILE_DIR)/Pods-PetMatch-checkManifestLockResult.txt",
			);
			runOnlyForDeploymentPostprocessing = 0;
			shellPath = /bin/sh;
			shellScript = "diff \"${PODS_PODFILE_DIR_PATH}/Podfile.lock\" \"${PODS_ROOT}/Manifest.lock\" > /dev/null\nif [ $? != 0 ] ; then\n    # print error to STDERR\n    echo \"error: The sandbox is not in sync with the Podfile.lock. Run 'pod install' or update your CocoaPods installation.\" >&2\n    exit 1\nfi\n# This output is used by Xcode 'outputs' to avoid re-running this script phase.\necho \"SUCCESS\" > \"${SCRIPT_OUTPUT_FILE_0}\"\n";
			showEnvVarsInLog = 0;
		};
		F6C757B05A7E5C257338E2EF /* [CP] Embed Pods Frameworks */ = {
			isa = PBXShellScriptBuildPhase;
			buildActionMask = 2147483647;
			files = (
			);
			inputFileListPaths = (
				"${PODS_ROOT}/Target Support Files/Pods-PetMatch/Pods-PetMatch-frameworks-${CONFIGURATION}-input-files.xcfilelist",
			);
			name = "[CP] Embed Pods Frameworks";
			outputFileListPaths = (
				"${PODS_ROOT}/Target Support Files/Pods-PetMatch/Pods-PetMatch-frameworks-${CONFIGURATION}-output-files.xcfilelist",
			);
			runOnlyForDeploymentPostprocessing = 0;
			shellPath = /bin/sh;
			shellScript = "\"${PODS_ROOT}/Target Support Files/Pods-PetMatch/Pods-PetMatch-frameworks.sh\"\n";
			showEnvVarsInLog = 0;
		};
/* End PBXShellScriptBuildPhase section */

/* Begin PBXSourcesBuildPhase section */
		CE0CF6F1291431B3007097D8 /* Sources */ = {
			isa = PBXSourcesBuildPhase;
			buildActionMask = 2147483647;
			files = (
				CEDDD075291AD6FD00724275 /* PostCollectionViewCell.swift in Sources */,
				CE6D5137291A794300FD27F8 /* PostModel.swift in Sources */,
				CEA4DF2F291BC950002759F6 /* ProfileViewController.swift in Sources */,
				CE0CF71329143337007097D8 /* MessagesViewController.swift in Sources */,
				CE0FD26D29181C3C003C1CA2 /* DatabaseManager.swift in Sources */,
				CEF8CFD629190E310023D61C /* NotificationsPostLikeTableViewCell.swift in Sources */,
				CEDDD06F291AB8E100724275 /* SettingsViewController.swift in Sources */,
				CE7CDBF42916809500D85435 /* CustomButton.swift in Sources */,
				CE0FD26A2917D013003C1CA2 /* Extension.swift in Sources */,
				CE59127F291505FE004BE613 /* CardItem.swift in Sources */,
				CE6D5139291A815B00FD27F8 /* UserModel.swift in Sources */,
				CE7171E42919775F00E22326 /* NotificationsCommentTableViewCell.swift in Sources */,
				CE0FD2682917C9E9003C1CA2 /* NotificationsUserTableViewCell.swift in Sources */,
				CE0CF70F291432A6007097D8 /* NotificationsViewController.swift in Sources */,
				CE2808F1291FA52D000BD3DF /* NotificationsViewModel.swift in Sources */,
				CE0CF70D291431F6007097D8 /* TabBarViewController.swift in Sources */,
				CE0CF6FD291431B3007097D8 /* HomeViewController.swift in Sources */,
				CEDDD06C291AA92300724275 /* ProfileHeaderCollectionReusableView.swift in Sources */,
				CE0CF6F9291431B3007097D8 /* AppDelegate.swift in Sources */,
				CE0FD2662917BC42003C1CA2 /* NotificationModel.swift in Sources */,
				CE0CF6FB291431B3007097D8 /* SceneDelegate.swift in Sources */,
			);
			runOnlyForDeploymentPostprocessing = 0;
		};
/* End PBXSourcesBuildPhase section */

/* Begin PBXVariantGroup section */
		CE0CF703291431B3007097D8 /* LaunchScreen.storyboard */ = {
			isa = PBXVariantGroup;
			children = (
				CE0CF704291431B3007097D8 /* Base */,
			);
			name = LaunchScreen.storyboard;
			sourceTree = "<group>";
		};
/* End PBXVariantGroup section */

/* Begin XCBuildConfiguration section */
		CE0CF707291431B3007097D8 /* Debug */ = {
			isa = XCBuildConfiguration;
			buildSettings = {
				ALWAYS_SEARCH_USER_PATHS = NO;
				CLANG_ANALYZER_NONNULL = YES;
				CLANG_ANALYZER_NUMBER_OBJECT_CONVERSION = YES_AGGRESSIVE;
				CLANG_CXX_LANGUAGE_STANDARD = "gnu++20";
				CLANG_ENABLE_MODULES = YES;
				CLANG_ENABLE_OBJC_ARC = YES;
				CLANG_ENABLE_OBJC_WEAK = YES;
				CLANG_WARN_BLOCK_CAPTURE_AUTORELEASING = YES;
				CLANG_WARN_BOOL_CONVERSION = YES;
				CLANG_WARN_COMMA = YES;
				CLANG_WARN_CONSTANT_CONVERSION = YES;
				CLANG_WARN_DEPRECATED_OBJC_IMPLEMENTATIONS = YES;
				CLANG_WARN_DIRECT_OBJC_ISA_USAGE = YES_ERROR;
				CLANG_WARN_DOCUMENTATION_COMMENTS = YES;
				CLANG_WARN_EMPTY_BODY = YES;
				CLANG_WARN_ENUM_CONVERSION = YES;
				CLANG_WARN_INFINITE_RECURSION = YES;
				CLANG_WARN_INT_CONVERSION = YES;
				CLANG_WARN_NON_LITERAL_NULL_CONVERSION = YES;
				CLANG_WARN_OBJC_IMPLICIT_RETAIN_SELF = YES;
				CLANG_WARN_OBJC_LITERAL_CONVERSION = YES;
				CLANG_WARN_OBJC_ROOT_CLASS = YES_ERROR;
				CLANG_WARN_QUOTED_INCLUDE_IN_FRAMEWORK_HEADER = YES;
				CLANG_WARN_RANGE_LOOP_ANALYSIS = YES;
				CLANG_WARN_STRICT_PROTOTYPES = YES;
				CLANG_WARN_SUSPICIOUS_MOVE = YES;
				CLANG_WARN_UNGUARDED_AVAILABILITY = YES_AGGRESSIVE;
				CLANG_WARN_UNREACHABLE_CODE = YES;
				CLANG_WARN__DUPLICATE_METHOD_MATCH = YES;
				COPY_PHASE_STRIP = NO;
				DEBUG_INFORMATION_FORMAT = dwarf;
				ENABLE_STRICT_OBJC_MSGSEND = YES;
				ENABLE_TESTABILITY = YES;
				GCC_C_LANGUAGE_STANDARD = gnu11;
				GCC_DYNAMIC_NO_PIC = NO;
				GCC_NO_COMMON_BLOCKS = YES;
				GCC_OPTIMIZATION_LEVEL = 0;
				GCC_PREPROCESSOR_DEFINITIONS = (
					"DEBUG=1",
					"$(inherited)",
				);
				GCC_WARN_64_TO_32_BIT_CONVERSION = YES;
				GCC_WARN_ABOUT_RETURN_TYPE = YES_ERROR;
				GCC_WARN_UNDECLARED_SELECTOR = YES;
				GCC_WARN_UNINITIALIZED_AUTOS = YES_AGGRESSIVE;
				GCC_WARN_UNUSED_FUNCTION = YES;
				GCC_WARN_UNUSED_VARIABLE = YES;
				IPHONEOS_DEPLOYMENT_TARGET = 16.1;
				MTL_ENABLE_DEBUG_INFO = INCLUDE_SOURCE;
				MTL_FAST_MATH = YES;
				ONLY_ACTIVE_ARCH = YES;
				SDKROOT = iphoneos;
				SWIFT_ACTIVE_COMPILATION_CONDITIONS = DEBUG;
				SWIFT_OPTIMIZATION_LEVEL = "-Onone";
			};
			name = Debug;
		};
		CE0CF708291431B3007097D8 /* Release */ = {
			isa = XCBuildConfiguration;
			buildSettings = {
				ALWAYS_SEARCH_USER_PATHS = NO;
				CLANG_ANALYZER_NONNULL = YES;
				CLANG_ANALYZER_NUMBER_OBJECT_CONVERSION = YES_AGGRESSIVE;
				CLANG_CXX_LANGUAGE_STANDARD = "gnu++20";
				CLANG_ENABLE_MODULES = YES;
				CLANG_ENABLE_OBJC_ARC = YES;
				CLANG_ENABLE_OBJC_WEAK = YES;
				CLANG_WARN_BLOCK_CAPTURE_AUTORELEASING = YES;
				CLANG_WARN_BOOL_CONVERSION = YES;
				CLANG_WARN_COMMA = YES;
				CLANG_WARN_CONSTANT_CONVERSION = YES;
				CLANG_WARN_DEPRECATED_OBJC_IMPLEMENTATIONS = YES;
				CLANG_WARN_DIRECT_OBJC_ISA_USAGE = YES_ERROR;
				CLANG_WARN_DOCUMENTATION_COMMENTS = YES;
				CLANG_WARN_EMPTY_BODY = YES;
				CLANG_WARN_ENUM_CONVERSION = YES;
				CLANG_WARN_INFINITE_RECURSION = YES;
				CLANG_WARN_INT_CONVERSION = YES;
				CLANG_WARN_NON_LITERAL_NULL_CONVERSION = YES;
				CLANG_WARN_OBJC_IMPLICIT_RETAIN_SELF = YES;
				CLANG_WARN_OBJC_LITERAL_CONVERSION = YES;
				CLANG_WARN_OBJC_ROOT_CLASS = YES_ERROR;
				CLANG_WARN_QUOTED_INCLUDE_IN_FRAMEWORK_HEADER = YES;
				CLANG_WARN_RANGE_LOOP_ANALYSIS = YES;
				CLANG_WARN_STRICT_PROTOTYPES = YES;
				CLANG_WARN_SUSPICIOUS_MOVE = YES;
				CLANG_WARN_UNGUARDED_AVAILABILITY = YES_AGGRESSIVE;
				CLANG_WARN_UNREACHABLE_CODE = YES;
				CLANG_WARN__DUPLICATE_METHOD_MATCH = YES;
				COPY_PHASE_STRIP = NO;
				DEBUG_INFORMATION_FORMAT = "dwarf-with-dsym";
				ENABLE_NS_ASSERTIONS = NO;
				ENABLE_STRICT_OBJC_MSGSEND = YES;
				GCC_C_LANGUAGE_STANDARD = gnu11;
				GCC_NO_COMMON_BLOCKS = YES;
				GCC_WARN_64_TO_32_BIT_CONVERSION = YES;
				GCC_WARN_ABOUT_RETURN_TYPE = YES_ERROR;
				GCC_WARN_UNDECLARED_SELECTOR = YES;
				GCC_WARN_UNINITIALIZED_AUTOS = YES_AGGRESSIVE;
				GCC_WARN_UNUSED_FUNCTION = YES;
				GCC_WARN_UNUSED_VARIABLE = YES;
				IPHONEOS_DEPLOYMENT_TARGET = 16.1;
				MTL_ENABLE_DEBUG_INFO = NO;
				MTL_FAST_MATH = YES;
				SDKROOT = iphoneos;
				SWIFT_COMPILATION_MODE = wholemodule;
				SWIFT_OPTIMIZATION_LEVEL = "-O";
				VALIDATE_PRODUCT = YES;
			};
			name = Release;
		};
		CE0CF70A291431B3007097D8 /* Debug */ = {
			isa = XCBuildConfiguration;
			baseConfigurationReference = 3B276DC7E34539B7859EF9D3 /* Pods-PetMatch.debug.xcconfig */;
			buildSettings = {
				ASSETCATALOG_COMPILER_APPICON_NAME = AppIcon;
				ASSETCATALOG_COMPILER_GLOBAL_ACCENT_COLOR_NAME = AccentColor;
				CODE_SIGN_STYLE = Automatic;
				CURRENT_PROJECT_VERSION = 1;
				DEVELOPMENT_TEAM = T35TLF5PUQ;
				GENERATE_INFOPLIST_FILE = YES;
				INFOPLIST_FILE = PetMatch/Info.plist;
				INFOPLIST_KEY_UIApplicationSupportsIndirectInputEvents = YES;
				INFOPLIST_KEY_UILaunchStoryboardName = LaunchScreen;
				INFOPLIST_KEY_UISupportedInterfaceOrientations_iPad = "UIInterfaceOrientationPortrait UIInterfaceOrientationPortraitUpsideDown UIInterfaceOrientationLandscapeLeft UIInterfaceOrientationLandscapeRight";
				INFOPLIST_KEY_UISupportedInterfaceOrientations_iPhone = "UIInterfaceOrientationPortrait UIInterfaceOrientationLandscapeLeft UIInterfaceOrientationLandscapeRight";
				IPHONEOS_DEPLOYMENT_TARGET = 16.1;
				LD_RUNPATH_SEARCH_PATHS = (
					"$(inherited)",
					"@executable_path/Frameworks",
				);
				MARKETING_VERSION = 1.0;
				PRODUCT_BUNDLE_IDENTIFIER = co.kaanyeyrek.PetMatch;
				PRODUCT_NAME = "$(TARGET_NAME)";
				SWIFT_EMIT_LOC_STRINGS = YES;
				SWIFT_VERSION = 5.0;
				TARGETED_DEVICE_FAMILY = "1,2";
			};
			name = Debug;
		};
		CE0CF70B291431B3007097D8 /* Release */ = {
			isa = XCBuildConfiguration;
			baseConfigurationReference = 31095CB641780CA6D13BE57D /* Pods-PetMatch.release.xcconfig */;
			buildSettings = {
				ASSETCATALOG_COMPILER_APPICON_NAME = AppIcon;
				ASSETCATALOG_COMPILER_GLOBAL_ACCENT_COLOR_NAME = AccentColor;
				CODE_SIGN_STYLE = Automatic;
				CURRENT_PROJECT_VERSION = 1;
				DEVELOPMENT_TEAM = T35TLF5PUQ;
				GENERATE_INFOPLIST_FILE = YES;
				INFOPLIST_FILE = PetMatch/Info.plist;
				INFOPLIST_KEY_UIApplicationSupportsIndirectInputEvents = YES;
				INFOPLIST_KEY_UILaunchStoryboardName = LaunchScreen;
				INFOPLIST_KEY_UISupportedInterfaceOrientations_iPad = "UIInterfaceOrientationPortrait UIInterfaceOrientationPortraitUpsideDown UIInterfaceOrientationLandscapeLeft UIInterfaceOrientationLandscapeRight";
				INFOPLIST_KEY_UISupportedInterfaceOrientations_iPhone = "UIInterfaceOrientationPortrait UIInterfaceOrientationLandscapeLeft UIInterfaceOrientationLandscapeRight";
				IPHONEOS_DEPLOYMENT_TARGET = 16.1;
				LD_RUNPATH_SEARCH_PATHS = (
					"$(inherited)",
					"@executable_path/Frameworks",
				);
				MARKETING_VERSION = 1.0;
				PRODUCT_BUNDLE_IDENTIFIER = co.kaanyeyrek.PetMatch;
				PRODUCT_NAME = "$(TARGET_NAME)";
				SWIFT_EMIT_LOC_STRINGS = YES;
				SWIFT_VERSION = 5.0;
				TARGETED_DEVICE_FAMILY = "1,2";
			};
			name = Release;
		};
/* End XCBuildConfiguration section */

/* Begin XCConfigurationList section */
		CE0CF6F0291431B3007097D8 /* Build configuration list for PBXProject "PetMatch" */ = {
			isa = XCConfigurationList;
			buildConfigurations = (
				CE0CF707291431B3007097D8 /* Debug */,
				CE0CF708291431B3007097D8 /* Release */,
			);
			defaultConfigurationIsVisible = 0;
			defaultConfigurationName = Release;
		};
		CE0CF709291431B3007097D8 /* Build configuration list for PBXNativeTarget "PetMatch" */ = {
			isa = XCConfigurationList;
			buildConfigurations = (
				CE0CF70A291431B3007097D8 /* Debug */,
				CE0CF70B291431B3007097D8 /* Release */,
			);
			defaultConfigurationIsVisible = 0;
			defaultConfigurationName = Release;
		};
/* End XCConfigurationList section */
	};
	rootObject = CE0CF6ED291431B3007097D8 /* Project object */;
}
